// !$*UTF8*$!
{
	archiveVersion = 1;
	classes = {
	};
	objectVersion = 46;
	objects = {

/* Begin PBXBuildFile section */
		3FB020B71C4430690094D188 /* AppDelegate.swift in Sources */ = {isa = PBXBuildFile; fileRef = 3FB020B61C4430690094D188 /* AppDelegate.swift */; };
		3FB020B91C4430690094D188 /* ViewController.swift in Sources */ = {isa = PBXBuildFile; fileRef = 3FB020B81C4430690094D188 /* ViewController.swift */; };
		3FB020BC1C4430690094D188 /* Main.storyboard in Resources */ = {isa = PBXBuildFile; fileRef = 3FB020BA1C4430690094D188 /* Main.storyboard */; };
		3FB020BE1C4430690094D188 /* Assets.xcassets in Resources */ = {isa = PBXBuildFile; fileRef = 3FB020BD1C4430690094D188 /* Assets.xcassets */; };
		3FB020C11C4430690094D188 /* LaunchScreen.storyboard in Resources */ = {isa = PBXBuildFile; fileRef = 3FB020BF1C4430690094D188 /* LaunchScreen.storyboard */; };
		3FB020CC1C4430690094D188 /* PracticalTestingTests.swift in Sources */ = {isa = PBXBuildFile; fileRef = 3FB020CB1C4430690094D188 /* PracticalTestingTests.swift */; };
		3FB020D71C4430690094D188 /* PracticalTestingUITests.swift in Sources */ = {isa = PBXBuildFile; fileRef = 3FB020D61C4430690094D188 /* PracticalTestingUITests.swift */; };
/* End PBXBuildFile section */

/* Begin PBXContainerItemProxy section */
		3FB020C81C4430690094D188 /* PBXContainerItemProxy */ = {
			isa = PBXContainerItemProxy;
			containerPortal = 3FB020AB1C4430690094D188 /* Project object */;
			proxyType = 1;
			remoteGlobalIDString = 3FB020B21C4430690094D188;
			remoteInfo = PracticalTesting;
		};
		3FB020D31C4430690094D188 /* PBXContainerItemProxy */ = {
			isa = PBXContainerItemProxy;
			containerPortal = 3FB020AB1C4430690094D188 /* Project object */;
			proxyType = 1;
			remoteGlobalIDString = 3FB020B21C4430690094D188;
			remoteInfo = PracticalTesting;
		};
/* End PBXContainerItemProxy section */

/* Begin PBXFileReference section */
		3FB020B31C4430690094D188 /* PracticalTesting.app */ = {isa = PBXFileReference; explicitFileType = wrapper.application; includeInIndex = 0; path = PracticalTesting.app; sourceTree = BUILT_PRODUCTS_DIR; };
		3FB020B61C4430690094D188 /* AppDelegate.swift */ = {isa = PBXFileReference; lastKnownFileType = sourcecode.swift; path = AppDelegate.swift; sourceTree = "<group>"; };
		3FB020B81C4430690094D188 /* ViewController.swift */ = {isa = PBXFileReference; lastKnownFileType = sourcecode.swift; path = ViewController.swift; sourceTree = "<group>"; };
		3FB020BB1C4430690094D188 /* Base */ = {isa = PBXFileReference; lastKnownFileType = file.storyboard; name = Base; path = Base.lproj/Main.storyboard; sourceTree = "<group>"; };
		3FB020BD1C4430690094D188 /* Assets.xcassets */ = {isa = PBXFileReference; lastKnownFileType = folder.assetcatalog; path = Assets.xcassets; sourceTree = "<group>"; };
		3FB020C01C4430690094D188 /* Base */ = {isa = PBXFileReference; lastKnownFileType = file.storyboard; name = Base; path = Base.lproj/LaunchScreen.storyboard; sourceTree = "<group>"; };
		3FB020C21C4430690094D188 /* Info.plist */ = {isa = PBXFileReference; lastKnownFileType = text.plist.xml; path = Info.plist; sourceTree = "<group>"; };
		3FB020C71C4430690094D188 /* PracticalTestingTests.xctest */ = {isa = PBXFileReference; explicitFileType = wrapper.cfbundle; includeInIndex = 0; path = PracticalTestingTests.xctest; sourceTree = BUILT_PRODUCTS_DIR; };
		3FB020CB1C4430690094D188 /* PracticalTestingTests.swift */ = {isa = PBXFileReference; lastKnownFileType = sourcecode.swift; path = PracticalTestingTests.swift; sourceTree = "<group>"; };
		3FB020CD1C4430690094D188 /* Info.plist */ = {isa = PBXFileReference; lastKnownFileType = text.plist.xml; path = Info.plist; sourceTree = "<group>"; };
		3FB020D21C4430690094D188 /* PracticalTestingUITests.xctest */ = {isa = PBXFileReference; explicitFileType = wrapper.cfbundle; includeInIndex = 0; path = PracticalTestingUITests.xctest; sourceTree = BUILT_PRODUCTS_DIR; };
		3FB020D61C4430690094D188 /* PracticalTestingUITests.swift */ = {isa = PBXFileReference; lastKnownFileType = sourcecode.swift; path = PracticalTestingUITests.swift; sourceTree = "<group>"; };
		3FB020D81C4430690094D188 /* Info.plist */ = {isa = PBXFileReference; lastKnownFileType = text.plist.xml; path = Info.plist; sourceTree = "<group>"; };
/* End PBXFileReference section */

/* Begin PBXFrameworksBuildPhase section */
		3FB020B01C4430690094D188 /* Frameworks */ = {
			isa = PBXFrameworksBuildPhase;
			buildActionMask = 2147483647;
			files = (
			);
			runOnlyForDeploymentPostprocessing = 0;
		};
		3FB020C41C4430690094D188 /* Frameworks */ = {
			isa = PBXFrameworksBuildPhase;
			buildActionMask = 2147483647;
			files = (
			);
			runOnlyForDeploymentPostprocessing = 0;
		};
		3FB020CF1C4430690094D188 /* Frameworks */ = {
			isa = PBXFrameworksBuildPhase;
			buildActionMask = 2147483647;
			files = (
			);
			runOnlyForDeploymentPostprocessing = 0;
		};
/* End PBXFrameworksBuildPhase section */

/* Begin PBXGroup section */
		3FB020AA1C4430690094D188 = {
			isa = PBXGroup;
			children = (
				3FB020B51C4430690094D188 /* PracticalTesting */,
				3FB020CA1C4430690094D188 /* PracticalTestingTests */,
				3FB020D51C4430690094D188 /* PracticalTestingUITests */,
				3FB020B41C4430690094D188 /* Products */,
			);
			sourceTree = "<group>";
		};
		3FB020B41C4430690094D188 /* Products */ = {
			isa = PBXGroup;
			children = (
				3FB020B31C4430690094D188 /* PracticalTesting.app */,
				3FB020C71C4430690094D188 /* PracticalTestingTests.xctest */,
				3FB020D21C4430690094D188 /* PracticalTestingUITests.xctest */,
			);
			name = Products;
			sourceTree = "<group>";
		};
		3FB020B51C4430690094D188 /* PracticalTesting */ = {
			isa = PBXGroup;
			children = (
				3FB020B61C4430690094D188 /* AppDelegate.swift */,
				3FB020B81C4430690094D188 /* ViewController.swift */,
				3FB020BA1C4430690094D188 /* Main.storyboard */,
				3FB020BD1C4430690094D188 /* Assets.xcassets */,
				3FB020BF1C4430690094D188 /* LaunchScreen.storyboard */,
				3FB020C21C4430690094D188 /* Info.plist */,
			);
			path = PracticalTesting;
			sourceTree = "<group>";
		};
		3FB020CA1C4430690094D188 /* PracticalTestingTests */ = {
			isa = PBXGroup;
			children = (
				3FB020CB1C4430690094D188 /* PracticalTestingTests.swift */,
				3FB020CD1C4430690094D188 /* Info.plist */,
			);
			path = PracticalTestingTests;
			sourceTree = "<group>";
		};
		3FB020D51C4430690094D188 /* PracticalTestingUITests */ = {
			isa = PBXGroup;
			children = (
				3FB020D61C4430690094D188 /* PracticalTestingUITests.swift */,
				3FB020D81C4430690094D188 /* Info.plist */,
			);
			path = PracticalTestingUITests;
			sourceTree = "<group>";
		};
/* End PBXGroup section */

/* Begin PBXNativeTarget section */
		3FB020B21C4430690094D188 /* PracticalTesting */ = {
			isa = PBXNativeTarget;
			buildConfigurationList = 3FB020DB1C4430690094D188 /* Build configuration list for PBXNativeTarget "PracticalTesting" */;
			buildPhases = (
				3FB020AF1C4430690094D188 /* Sources */,
				3FB020B01C4430690094D188 /* Frameworks */,
				3FB020B11C4430690094D188 /* Resources */,
			);
			buildRules = (
			);
			dependencies = (
			);
			name = PracticalTesting;
			productName = PracticalTesting;
			productReference = 3FB020B31C4430690094D188 /* PracticalTesting.app */;
			productType = "com.apple.product-type.application";
		};
		3FB020C61C4430690094D188 /* PracticalTestingTests */ = {
			isa = PBXNativeTarget;
			buildConfigurationList = 3FB020DE1C4430690094D188 /* Build configuration list for PBXNativeTarget "PracticalTestingTests" */;
			buildPhases = (
				3FB020C31C4430690094D188 /* Sources */,
				3FB020C41C4430690094D188 /* Frameworks */,
				3FB020C51C4430690094D188 /* Resources */,
			);
			buildRules = (
			);
			dependencies = (
				3FB020C91C4430690094D188 /* PBXTargetDependency */,
			);
			name = PracticalTestingTests;
			productName = PracticalTestingTests;
			productReference = 3FB020C71C4430690094D188 /* PracticalTestingTests.xctest */;
			productType = "com.apple.product-type.bundle.unit-test";
		};
		3FB020D11C4430690094D188 /* PracticalTestingUITests */ = {
			isa = PBXNativeTarget;
			buildConfigurationList = 3FB020E11C4430690094D188 /* Build configuration list for PBXNativeTarget "PracticalTestingUITests" */;
			buildPhases = (
				3FB020CE1C4430690094D188 /* Sources */,
				3FB020CF1C4430690094D188 /* Frameworks */,
				3FB020D01C4430690094D188 /* Resources */,
			);
			buildRules = (
			);
			dependencies = (
				3FB020D41C4430690094D188 /* PBXTargetDependency */,
			);
			name = PracticalTestingUITests;
			productName = PracticalTestingUITests;
			productReference = 3FB020D21C4430690094D188 /* PracticalTestingUITests.xctest */;
			productType = "com.apple.product-type.bundle.ui-testing";
		};
/* End PBXNativeTarget section */

/* Begin PBXProject section */
		3FB020AB1C4430690094D188 /* Project object */ = {
			isa = PBXProject;
			attributes = {
				LastSwiftUpdateCheck = 0720;
				LastUpgradeCheck = 0720;
				ORGANIZATIONNAME = mokacoding;
				TargetAttributes = {
					3FB020B21C4430690094D188 = {
						CreatedOnToolsVersion = 7.2;
					};
					3FB020C61C4430690094D188 = {
						CreatedOnToolsVersion = 7.2;
						TestTargetID = 3FB020B21C4430690094D188;
					};
					3FB020D11C4430690094D188 = {
						CreatedOnToolsVersion = 7.2;
						TestTargetID = 3FB020B21C4430690094D188;
					};
				};
			};
			buildConfigurationList = 3FB020AE1C4430690094D188 /* Build configuration list for PBXProject "PracticalTesting" */;
			compatibilityVersion = "Xcode 3.2";
			developmentRegion = English;
			hasScannedForEncodings = 0;
			knownRegions = (
				en,
				Base,
			);
			mainGroup = 3FB020AA1C4430690094D188;
			productRefGroup = 3FB020B41C4430690094D188 /* Products */;
			projectDirPath = "";
			projectRoot = "";
			targets = (
				3FB020B21C4430690094D188 /* PracticalTesting */,
				3FB020C61C4430690094D188 /* PracticalTestingTests */,
				3FB020D11C4430690094D188 /* PracticalTestingUITests */,
			);
		};
/* End PBXProject section */

/* Begin PBXResourcesBuildPhase section */
		3FB020B11C4430690094D188 /* Resources */ = {
			isa = PBXResourcesBuildPhase;
			buildActionMask = 2147483647;
			files = (
				3FB020C11C4430690094D188 /* LaunchScreen.storyboard in Resources */,
				3FB020BE1C4430690094D188 /* Assets.xcassets in Resources */,
				3FB020BC1C4430690094D188 /* Main.storyboard in Resources */,
			);
			runOnlyForDeploymentPostprocessing = 0;
		};
		3FB020C51C4430690094D188 /* Resources */ = {
			isa = PBXResourcesBuildPhase;
			buildActionMask = 2147483647;
			files = (
			);
			runOnlyForDeploymentPostprocessing = 0;
		};
		3FB020D01C4430690094D188 /* Resources */ = {
			isa = PBXResourcesBuildPhase;
			buildActionMask = 2147483647;
			files = (
			);
			runOnlyForDeploymentPostprocessing = 0;
		};
/* End PBXResourcesBuildPhase section */

/* Begin PBXSourcesBuildPhase section */
		3FB020AF1C4430690094D188 /* Sources */ = {
			isa = PBXSourcesBuildPhase;
			buildActionMask = 2147483647;
			files = (
				3FB020B91C4430690094D188 /* ViewController.swift in Sources */,
				3FB020B71C4430690094D188 /* AppDelegate.swift in Sources */,
			);
			runOnlyForDeploymentPostprocessing = 0;
		};
		3FB020C31C4430690094D188 /* Sources */ = {
			isa = PBXSourcesBuildPhase;
			buildActionMask = 2147483647;
			files = (
				3FB020CC1C4430690094D188 /* PracticalTestingTests.swift in Sources */,
			);
			runOnlyForDeploymentPostprocessing = 0;
		};
		3FB020CE1C4430690094D188 /* Sources */ = {
			isa = PBXSourcesBuildPhase;
			buildActionMask = 2147483647;
			files = (
				3FB020D71C4430690094D188 /* PracticalTestingUITests.swift in Sources */,
			);
			runOnlyForDeploymentPostprocessing = 0;
		};
/* End PBXSourcesBuildPhase section */

/* Begin PBXTargetDependency section */
		3FB020C91C4430690094D188 /* PBXTargetDependency */ = {
			isa = PBXTargetDependency;
			target = 3FB020B21C4430690094D188 /* PracticalTesting */;
			targetProxy = 3FB020C81C4430690094D188 /* PBXContainerItemProxy */;
		};
		3FB020D41C4430690094D188 /* PBXTargetDependency */ = {
			isa = PBXTargetDependency;
			target = 3FB020B21C4430690094D188 /* PracticalTesting */;
			targetProxy = 3FB020D31C4430690094D188 /* PBXContainerItemProxy */;
		};
/* End PBXTargetDependency section */

/* Begin PBXVariantGroup section */
		3FB020BA1C4430690094D188 /* Main.storyboard */ = {
			isa = PBXVariantGroup;
			children = (
				3FB020BB1C4430690094D188 /* Base */,
			);
			name = Main.storyboard;
			sourceTree = "<group>";
		};
		3FB020BF1C4430690094D188 /* LaunchScreen.storyboard */ = {
			isa = PBXVariantGroup;
			children = (
				3FB020C01C4430690094D188 /* Base */,
			);
			name = LaunchScreen.storyboard;
			sourceTree = "<group>";
		};
/* End PBXVariantGroup section */

/* Begin XCBuildConfiguration section */
		3FB020D91C4430690094D188 /* Debug */ = {
			isa = XCBuildConfiguration;
			buildSettings = {
				ALWAYS_SEARCH_USER_PATHS = NO;
				CLANG_CXX_LANGUAGE_STANDARD = "gnu++0x";
				CLANG_CXX_LIBRARY = "libc++";
				CLANG_ENABLE_MODULES = YES;
				CLANG_ENABLE_OBJC_ARC = YES;
				CLANG_WARN_BOOL_CONVERSION = YES;
				CLANG_WARN_CONSTANT_CONVERSION = YES;
				CLANG_WARN_DIRECT_OBJC_ISA_USAGE = YES_ERROR;
				CLANG_WARN_EMPTY_BODY = YES;
				CLANG_WARN_ENUM_CONVERSION = YES;
				CLANG_WARN_INT_CONVERSION = YES;
				CLANG_WARN_OBJC_ROOT_CLASS = YES_ERROR;
				CLANG_WARN_UNREACHABLE_CODE = YES;
				CLANG_WARN__DUPLICATE_METHOD_MATCH = YES;
				"CODE_SIGN_IDENTITY[sdk=iphoneos*]" = "iPhone Developer";
				COPY_PHASE_STRIP = NO;
				DEBUG_INFORMATION_FORMAT = dwarf;
				ENABLE_STRICT_OBJC_MSGSEND = YES;
				ENABLE_TESTABILITY = YES;
				GCC_C_LANGUAGE_STANDARD = gnu99;
				GCC_DYNAMIC_NO_PIC = NO;
				GCC_NO_COMMON_BLOCKS = YES;
				GCC_OPTIMIZATION_LEVEL = 0;
				GCC_PREPROCESSOR_DEFINITIONS = (
					"DEBUG=1",
					"$(inherited)",
				);
				GCC_WARN_64_TO_32_BIT_CONVERSION = YES;
				GCC_WARN_ABOUT_RETURN_TYPE = YES_ERROR;
				GCC_WARN_UNDECLARED_SELECTOR = YES;
				GCC_WARN_UNINITIALIZED_AUTOS = YES_AGGRESSIVE;
				GCC_WARN_UNUSED_FUNCTION = YES;
				GCC_WARN_UNUSED_VARIABLE = YES;
				IPHONEOS_DEPLOYMENT_TARGET = 9.2;
				MTL_ENABLE_DEBUG_INFO = YES;
				ONLY_ACTIVE_ARCH = YES;
				SDKROOT = iphoneos;
				SWIFT_OPTIMIZATION_LEVEL = "-Onone";
				TARGETED_DEVICE_FAMILY = "1,2";
			};
			name = Debug;
		};
		3FB020DA1C4430690094D188 /* Release */ = {
			isa = XCBuildConfiguration;
			buildSettings = {
				ALWAYS_SEARCH_USER_PATHS = NO;
				CLANG_CXX_LANGUAGE_STANDARD = "gnu++0x";
				CLANG_CXX_LIBRARY = "libc++";
				CLANG_ENABLE_MODULES = YES;
				CLANG_ENABLE_OBJC_ARC = YES;
				CLANG_WARN_BOOL_CONVERSION = YES;
				CLANG_WARN_CONSTANT_CONVERSION = YES;
				CLANG_WARN_DIRECT_OBJC_ISA_USAGE = YES_ERROR;
				CLANG_WARN_EMPTY_BODY = YES;
				CLANG_WARN_ENUM_CONVERSION = YES;
				CLANG_WARN_INT_CONVERSION = YES;
				CLANG_WARN_OBJC_ROOT_CLASS = YES_ERROR;
				CLANG_WARN_UNREACHABLE_CODE = YES;
				CLANG_WARN__DUPLICATE_METHOD_MATCH = YES;
				"CODE_SIGN_IDENTITY[sdk=iphoneos*]" = "iPhone Developer";
				COPY_PHASE_STRIP = NO;
				DEBUG_INFORMATION_FORMAT = "dwarf-with-dsym";
				ENABLE_NS_ASSERTIONS = NO;
				ENABLE_STRICT_OBJC_MSGSEND = YES;
				GCC_C_LANGUAGE_STANDARD = gnu99;
				GCC_NO_COMMON_BLOCKS = YES;
				GCC_WARN_64_TO_32_BIT_CONVERSION = YES;
				GCC_WARN_ABOUT_RETURN_TYPE = YES_ERROR;
				GCC_WARN_UNDECLARED_SELECTOR = YES;
				GCC_WARN_UNINITIALIZED_AUTOS = YES_AGGRESSIVE;
				GCC_WARN_UNUSED_FUNCTION = YES;
				GCC_WARN_UNUSED_VARIABLE = YES;
				IPHONEOS_DEPLOYMENT_TARGET = 9.2;
				MTL_ENABLE_DEBUG_INFO = NO;
				SDKROOT = iphoneos;
				TARGETED_DEVICE_FAMILY = "1,2";
				VALIDATE_PRODUCT = YES;
			};
			name = Release;
		};
		3FB020DC1C4430690094D188 /* Debug */ = {
			isa = XCBuildConfiguration;
			buildSettings = {
				ASSETCATALOG_COMPILER_APPICON_NAME = AppIcon;
				INFOPLIST_FILE = PracticalTesting/Info.plist;
				LD_RUNPATH_SEARCH_PATHS = "$(inherited) @executable_path/Frameworks";
				PRODUCT_BUNDLE_IDENTIFIER = mokacoding.PracticalTesting;
				PRODUCT_NAME = "$(TARGET_NAME)";
			};
			name = Debug;
		};
		3FB020DD1C4430690094D188 /* Release */ = {
			isa = XCBuildConfiguration;
			buildSettings = {
				ASSETCATALOG_COMPILER_APPICON_NAME = AppIcon;
				INFOPLIST_FILE = PracticalTesting/Info.plist;
				LD_RUNPATH_SEARCH_PATHS = "$(inherited) @executable_path/Frameworks";
				PRODUCT_BUNDLE_IDENTIFIER = mokacoding.PracticalTesting;
				PRODUCT_NAME = "$(TARGET_NAME)";
			};
			name = Release;
		};
		3FB020DF1C4430690094D188 /* Debug */ = {
			isa = XCBuildConfiguration;
			buildSettings = {
				BUNDLE_LOADER = "$(TEST_HOST)";
				INFOPLIST_FILE = PracticalTestingTests/Info.plist;
				LD_RUNPATH_SEARCH_PATHS = "$(inherited) @executable_path/Frameworks @loader_path/Frameworks";
				PRODUCT_BUNDLE_IDENTIFIER = mokacoding.PracticalTestingTests;
				PRODUCT_NAME = "$(TARGET_NAME)";
				TEST_HOST = "$(BUILT_PRODUCTS_DIR)/PracticalTesting.app/PracticalTesting";
			};
			name = Debug;
		};
		3FB020E01C4430690094D188 /* Release */ = {
			isa = XCBuildConfiguration;
			buildSettings = {
				BUNDLE_LOADER = "$(TEST_HOST)";
				INFOPLIST_FILE = PracticalTestingTests/Info.plist;
				LD_RUNPATH_SEARCH_PATHS = "$(inherited) @executable_path/Frameworks @loader_path/Frameworks";
				PRODUCT_BUNDLE_IDENTIFIER = mokacoding.PracticalTestingTests;
				PRODUCT_NAME = "$(TARGET_NAME)";
				TEST_HOST = "$(BUILT_PRODUCTS_DIR)/PracticalTesting.app/PracticalTesting";
			};
			name = Release;
		};
		3FB020E21C4430690094D188 /* Debug */ = {
			isa = XCBuildConfiguration;
			buildSettings = {
				INFOPLIST_FILE = PracticalTestingUITests/Info.plist;
				LD_RUNPATH_SEARCH_PATHS = "$(inherited) @executable_path/Frameworks @loader_path/Frameworks";
				PRODUCT_BUNDLE_IDENTIFIER = mokacoding.PracticalTestingUITests;
				PRODUCT_NAME = "$(TARGET_NAME)";
				TEST_TARGET_NAME = PracticalTesting;
				USES_XCTRUNNER = YES;
			};
			name = Debug;
		};
		3FB020E31C4430690094D188 /* Release */ = {
			isa = XCBuildConfiguration;
			buildSettings = {
				INFOPLIST_FILE = PracticalTestingUITests/Info.plist;
				LD_RUNPATH_SEARCH_PATHS = "$(inherited) @executable_path/Frameworks @loader_path/Frameworks";
				PRODUCT_BUNDLE_IDENTIFIER = mokacoding.PracticalTestingUITests;
				PRODUCT_NAME = "$(TARGET_NAME)";
				TEST_TARGET_NAME = PracticalTesting;
				USES_XCTRUNNER = YES;
			};
			name = Release;
		};
/* End XCBuildConfiguration section */

/* Begin XCConfigurationList section */
		3FB020AE1C4430690094D188 /* Build configuration list for PBXProject "PracticalTesting" */ = {
			isa = XCConfigurationList;
			buildConfigurations = (
				3FB020D91C4430690094D188 /* Debug */,
				3FB020DA1C4430690094D188 /* Release */,
			);
			defaultConfigurationIsVisible = 0;
			defaultConfigurationName = Release;
		};
		3FB020DB1C4430690094D188 /* Build configuration list for PBXNativeTarget "PracticalTesting" */ = {
			isa = XCConfigurationList;
			buildConfigurations = (
				3FB020DC1C4430690094D188 /* Debug */,
				3FB020DD1C4430690094D188 /* Release */,
			);
			defaultConfigurationIsVisible = 0;
		};
		3FB020DE1C4430690094D188 /* Build configuration list for PBXNativeTarget "PracticalTestingTests" */ = {
			isa = XCConfigurationList;
			buildConfigurations = (
				3FB020DF1C4430690094D188 /* Debug */,
				3FB020E01C4430690094D188 /* Release */,
			);
			defaultConfigurationIsVisible = 0;
		};
		3FB020E11C4430690094D188 /* Build configuration list for PBXNativeTarget "PracticalTestingUITests" */ = {
			isa = XCConfigurationList;
			buildConfigurations = (
				3FB020E21C4430690094D188 /* Debug */,
				3FB020E31C4430690094D188 /* Release */,
			);
			defaultConfigurationIsVisible = 0;
		};
/* End XCConfigurationList section */
	};
	rootObject = 3FB020AB1C4430690094D188 /* Project object */;
}
